
Microsoft Visual Studio Solution File, Format Version 12.00
# Visual Studio Version 17
VisualStudioVersion = 17.5.33502.453
MinimumVisualStudioVersion = 10.0.40219.1
Project("{FAE04EC0-301F-11D3-BF4B-00C04F79EFBC}") = "Kinder", "Kinder\Kinder.csproj", "{ED9E8643-DA67-4ABC-A5A5-BF9EA522CC35}"
EndProject
Global
	GlobalSection(SolutionConfigurationPlatforms) = preSolution
		Debug|Any CPU = Debug|Any CPU
		Release|Any CPU = Release|Any CPU
	EndGlobalSection
	GlobalSection(ProjectConfigurationPlatforms) = postSolution
		{ED9E8643-DA67-4ABC-A5A5-BF9EA522CC35}.Debug|Any CPU.ActiveCfg = Debug|Any CPU
		{ED9E8643-DA67-4ABC-A5A5-BF9EA522CC35}.Debug|Any CPU.Build.0 = Debug|Any CPU
		{ED9E8643-DA67-4ABC-A5A5-BF9EA522CC35}.Release|Any CPU.ActiveCfg = Release|Any CPU
		{ED9E8643-DA67-4ABC-A5A5-BF9EA522CC35}.Release|Any CPU.Build.0 = Release|Any CPU
	EndGlobalSection
	GlobalSection(SolutionProperties) = preSolution
		HideSolutionNode = FALSE
	EndGlobalSection
	GlobalSection(ExtensibilityGlobals) = postSolution
		SolutionGuid = {34357846-9CF7-498A-968A-F5CA3E49E402}
	EndGlobalSection
EndGlobal
